
Microsoft Visual Studio Solution File, Format Version 12.00
# Visual Studio 2013
VisualStudioVersion = 12.0.30501.0
MinimumVisualStudioVersion = 10.0.40219.1
Project("{FAE04EC0-301F-11D3-BF4B-00C04F79EFBC}") = "AppAppleRejected_Message_Selenium", "AppAppleRejected_Message_Selenium\AppAppleRejected_Message_Selenium.csproj", "{90FF0F67-39A6-4C4D-871C-A43B6EAD0EFC}"
EndProject
Project("{2150E333-8FDC-42A3-9474-1A3956D46DE8}") = ".nuget", ".nuget", "{25E9D75B-E95F-4DE6-878C-2DB66872ADD5}"
	ProjectSection(SolutionItems) = preProject
		.nuget\NuGet.Config = .nuget\NuGet.Config
		.nuget\NuGet.exe = .nuget\NuGet.exe
		.nuget\NuGet.targets = .nuget\NuGet.targets
	EndProjectSection
EndProject
Global
	GlobalSection(SolutionConfigurationPlatforms) = preSolution
		Debug|Any CPU = Debug|Any CPU
		Release|Any CPU = Release|Any CPU
	EndGlobalSection
	GlobalSection(ProjectConfigurationPlatforms) = postSolution
		{90FF0F67-39A6-4C4D-871C-A43B6EAD0EFC}.Debug|Any CPU.ActiveCfg = Debug|Any CPU
		{90FF0F67-39A6-4C4D-871C-A43B6EAD0EFC}.Debug|Any CPU.Build.0 = Debug|Any CPU
		{90FF0F67-39A6-4C4D-871C-A43B6EAD0EFC}.Release|Any CPU.ActiveCfg = Release|Any CPU
		{90FF0F67-39A6-4C4D-871C-A43B6EAD0EFC}.Release|Any CPU.Build.0 = Release|Any CPU
	EndGlobalSection
	GlobalSection(SolutionProperties) = preSolution
		HideSolutionNode = FALSE
	EndGlobalSection
EndGlobal
